dependencies:
  localforage: 1.7.3
devDependencies:
  '@rollup/plugin-commonjs': 11.0.1_rollup@1.29.0
  '@rollup/plugin-node-resolve': 7.0.0_rollup@1.29.0
  rollup: 1.29.0
  typedoc: 0.15.7
  typedoc-plugin-markdown: 2.2.16_typedoc@0.15.7
  typescript: 3.7.4
lockfileVersion: 5.1
packages:
  /@rollup/plugin-commonjs/11.0.1_rollup@1.29.0:
    dependencies:
      '@rollup/pluginutils': 3.0.3_rollup@1.29.0
      estree-walker: 0.6.1
      is-reference: 1.1.4
      magic-string: 0.25.6
      resolve: 1.14.2
      rollup: 1.29.0
    dev: true
    engines:
      node: '>= 8.0.0'
    peerDependencies:
      rollup: ^1.20.0
    resolution:
      integrity: sha512-SaVUoaLDg3KnIXC5IBNIspr1APTYDzk05VaYcI6qz+0XX3ZlSCwAkfAhNSOxfd5GAdcm/63Noi4TowOY9MpcDg==
  /@rollup/plugin-node-resolve/7.0.0_rollup@1.29.0:
    dependencies:
      '@rollup/pluginutils': 3.0.3_rollup@1.29.0
      '@types/resolve': 0.0.8
      builtin-modules: 3.1.0
      is-module: 1.0.0
      resolve: 1.14.2
      rollup: 1.29.0
    dev: true
    engines:
      node: '>= 8.0.0'
    peerDependencies:
      rollup: ^1.20.0
    resolution:
      integrity: sha512-+vOx2+WMBMFotYKM3yYeDGZxIvcQ7yO4g+SuKDFsjKaq8Lw3EPgfB6qNlp8Z/3ceDCEhHvC9/b+PgBGwDQGbzQ==
  /@rollup/pluginutils/3.0.3_rollup@1.29.0:
    dependencies:
      estree-walker: 0.6.1
      rollup: 1.29.0
    dev: true
    engines:
      node: '>= 8.0.0'
    peerDependencies:
      rollup: ^1.20.0
    resolution:
      integrity: sha512-lxys3KlfYU8LOGu7+UL2upa3kM9q8ISo4EK+vSqqJCLk6N74HsUZbUFiElolh4BUsv0jeMGtYDzpNrtrShE6Gg==
  /@types/estree/0.0.39:
    dev: true
    resolution:
      integrity: sha512-EYNwp3bU+98cpU4lAWYYL7Zz+2gryWH1qbdDTidVd6hkiR6weksdbMadyXKXNPEkQFhXM+hVO9ZygomHXp+AIw==
  /@types/estree/0.0.42:
    dev: true
    resolution:
      integrity: sha512-K1DPVvnBCPxzD+G51/cxVIoc2X8uUVl1zpJeE6iKcgHMj4+tbat5Xu4TjV7v2QSDbIeAfLi2hIk+u2+s0MlpUQ==
  /@types/minimatch/3.0.3:
    dev: true
    resolution:
      integrity: sha512-tHq6qdbT9U1IRSGf14CL0pUlULksvY9OZ+5eEgl1N7t+OA3tGvNpxJCzuKQlsNgCVwbAs670L1vcVQi8j9HjnA==
  /@types/node/13.1.6:
    dev: true
    resolution:
      integrity: sha512-Jg1F+bmxcpENHP23sVKkNuU3uaxPnsBMW0cLjleiikFKomJQbsn0Cqk2yDvQArqzZN6ABfBkZ0To7pQ8sLdWDg==
  /@types/resolve/0.0.8:
    dependencies:
      '@types/node': 13.1.6
    dev: true
    resolution:
      integrity: sha512-auApPaJf3NPfe18hSoJkp8EbZzer2ISk7o8mCC3M9he/a04+gbMF97NkpD2S8riMGvm4BMRI59/SZQSaLTKpsQ==
  /acorn/7.1.0:
    dev: true
    engines:
      node: '>=0.4.0'
    hasBin: true
    resolution:
      integrity: sha512-kL5CuoXA/dgxlBbVrflsflzQ3PAas7RYZB52NOm/6839iVYJgKMJ3cQJD+t2i5+qFa8h3MDpEOJiS64E8JLnSQ==
  /backbone/1.4.0:
    dependencies:
      underscore: 1.9.2
    dev: true
    resolution:
      integrity: sha512-RLmDrRXkVdouTg38jcgHhyQ/2zjg7a8E6sz2zxfz21Hh17xDJYUHBZimVIt5fUyS8vbfpeSmTL3gUjTEvUV3qQ==
  /balanced-match/1.0.0:
    dev: true
    resolution:
      integrity: sha1-ibTRmasr7kneFk6gK4nORi1xt2c=
  /brace-expansion/1.1.11:
    dependencies:
      balanced-match: 1.0.0
      concat-map: 0.0.1
    dev: true
    resolution:
      integrity: sha512-iCuPHDFgrHX7H2vEI/5xpz07zSHB00TpugqhmYtVmMO6518mCuRMoOYFldEBl0g187ufozdaHgWKcYFb61qGiA==
  /builtin-modules/3.1.0:
    dev: true
    engines:
      node: '>=6'
    resolution:
      integrity: sha512-k0KL0aWZuBt2lrxrcASWDfwOLMnodeQjodT/1SxEQAXsHANgo6ZC/VEaSEHCXt7aSTZ4/4H5LKa+tBXmW7Vtvw==
  /commander/2.20.3:
    dev: true
    optional: true
    resolution:
      integrity: sha512-GpVkmM8vF2vQUkj2LvZmD35JxeJOLCwJ9cUkugyk2nuhbv3+mJvpLYYt+0+USMxE+oj+ey/lJEnhZw75x/OMcQ==
  /concat-map/0.0.1:
    dev: true
    resolution:
      integrity: sha1-2Klr13/Wjfd5OnMDajug1UBdR3s=
  /estree-walker/0.6.1:
    dev: true
    resolution:
      integrity: sha512-SqmZANLWS0mnatqbSfRP5g8OXZC12Fgg1IwNtLsyHDzJizORW4khDfjPqJZsemPWBB2uqykUah5YpQ6epsqC/w==
  /fs-extra/8.1.0:
    dependencies:
      graceful-fs: 4.2.3
      jsonfile: 4.0.0
      universalify: 0.1.2
    dev: true
    engines:
      node: '>=6 <7 || >=8'
    resolution:
      integrity: sha512-yhlQgA6mnOJUKOsRUFsgJdQCvkKhcz8tlZG5HBQfReYZy46OwLcY+Zia0mtdHsOo9y/hP+CxMN0TU9QxoOtG4g==
  /fs.realpath/1.0.0:
    dev: true
    resolution:
      integrity: sha1-FQStJSMVjKpA20onh8sBQRmU6k8=
  /glob/7.1.6:
    dependencies:
      fs.realpath: 1.0.0
      inflight: 1.0.6
      inherits: 2.0.4
      minimatch: 3.0.4
      once: 1.4.0
      path-is-absolute: 1.0.1
    dev: true
    resolution:
      integrity: sha512-LwaxwyZ72Lk7vZINtNNrywX0ZuLyStrdDtabefZKAY5ZGJhVtgdznluResxNmPitE0SAO+O26sWTHeKSI2wMBA==
  /graceful-fs/4.2.3:
    dev: true
    resolution:
      integrity: sha512-a30VEBm4PEdx1dRB7MFK7BejejvCvBronbLjht+sHuGYj8PHs7M/5Z+rt5lw551vZ7yfTCj4Vuyy3mSJytDWRQ==
  /handlebars/4.5.3:
    dependencies:
      neo-async: 2.6.1
      optimist: 0.6.1
      source-map: 0.6.1
    dev: true
    engines:
      node: '>=0.4.7'
    hasBin: true
    optionalDependencies:
      uglify-js: 3.7.4
    resolution:
      integrity: sha512-3yPecJoJHK/4c6aZhSvxOyG4vJKDshV36VHp0iVCDVh7o9w2vwi3NSnL2MMPj3YdduqaBcu7cGbggJQM0br9xA==
  /handlebars/4.6.0:
    dependencies:
      neo-async: 2.6.1
      optimist: 0.6.1
      source-map: 0.6.1
    dev: true
    engines:
      node: '>=0.4.7'
    hasBin: true
    optionalDependencies:
      uglify-js: 3.7.4
    resolution:
      integrity: sha512-i1ZUP7Qp2JdkMaFon2a+b0m5geE8Z4ZTLaGkgrObkEd+OkUKyRbRWw4KxuFCoHfdETSY1yf9/574eVoNSiK7pw==
  /highlight.js/9.17.1:
    dependencies:
      handlebars: 4.5.3
    dev: true
    resolution:
      integrity: sha512-TA2/doAur5Ol8+iM3Ov7qy3jYcr/QiJ2eDTdRF4dfbjG7AaaB99J5G+zSl11ljbl6cIcahgPY6SKb3sC3EJ0fw==
  /immediate/3.0.6:
    dev: false
    resolution:
      integrity: sha1-nbHb0Pr43m++D13V5Wu2BigN5ps=
  /inflight/1.0.6:
    dependencies:
      once: 1.4.0
      wrappy: 1.0.2
    dev: true
    resolution:
      integrity: sha1-Sb1jMdfQLQwJvJEKEHW6gWW1bfk=
  /inherits/2.0.4:
    dev: true
    resolution:
      integrity: sha512-k/vGaX4/Yla3WzyMCvTQOXYeIHvqOKtnqBduzTHpzpQZzAskKMhZ2K+EnBiSM9zGSoIFeMpXKxa4dYeZIQqewQ==
  /interpret/1.2.0:
    dev: true
    engines:
      node: '>= 0.10'
    resolution:
      integrity: sha512-mT34yGKMNceBQUoVn7iCDKDntA7SC6gycMAWzGx1z/CMCTV7b2AAtXlo3nRyHZ1FelRkQbQjprHSYGwzLtkVbw==
  /is-module/1.0.0:
    dev: true
    resolution:
      integrity: sha1-Mlj7afeMFNW4FdZkM2tM/7ZEFZE=
  /is-reference/1.1.4:
    dependencies:
      '@types/estree': 0.0.39
    dev: true
    resolution:
      integrity: sha512-uJA/CDPO3Tao3GTrxYn6AwkM4nUPJiGGYu5+cB8qbC7WGFlrKZbiRo7SFKxUAEpFUfiHofWCXBUNhvYJMh+6zw==
  /jquery/3.4.1:
    dev: true
    resolution:
      integrity: sha512-36+AdBzCL+y6qjw5Tx7HgzeGCzC81MDDgaUP8ld2zhx58HdqXGoBd+tHdrBMiyjGQs0Hxs/MLZTu/eHNJJuWPw==
  /jsonfile/4.0.0:
    dev: true
    optionalDependencies:
      graceful-fs: 4.2.3
    resolution:
      integrity: sha1-h3Gq4HmbZAdrdmQPygWPnBDjPss=
  /lie/3.1.1:
    dependencies:
      immediate: 3.0.6
    dev: false
    resolution:
      integrity: sha1-mkNrLMd0bKWd56QfpGmz77dr2H4=
  /localforage/1.7.3:
    dependencies:
      lie: 3.1.1
    dev: false
    resolution:
      integrity: sha512-1TulyYfc4udS7ECSBT2vwJksWbkwwTX8BzeUIiq8Y07Riy7bDAAnxDaPU/tWyOVmQAcWJIEIFP9lPfBGqVoPgQ==
  /lodash/4.17.15:
    dev: true
    resolution:
      integrity: sha512-8xOcRHvCjnocdS5cpwXQXVzmmh5e5+saE2QGoeQmbKmRS6J3VQppPOIt0MnmE+4xlZoumy0GPG0D0MVIQbNA1A==
  /lunr/2.3.8:
    dev: true
    resolution:
      integrity: sha512-oxMeX/Y35PNFuZoHp+jUj5OSEmLCaIH4KTFJh7a93cHBoFmpw2IoPs22VIz7vyO2YUnx2Tn9dzIwO2P/4quIRg==
  /magic-string/0.25.6:
    dependencies:
      sourcemap-codec: 1.4.7
    dev: true
    resolution:
      integrity: sha512-3a5LOMSGoCTH5rbqobC2HuDNRtE2glHZ8J7pK+QZYppyWA36yuNpsX994rIY2nCuyP7CZYy7lQq/X2jygiZ89g==
  /marked/0.8.0:
    dev: true
    engines:
      node: '>= 8.16.2'
    hasBin: true
    resolution:
      integrity: sha512-MyUe+T/Pw4TZufHkzAfDj6HarCBWia2y27/bhuYkTaiUnfDYFnCP3KUN+9oM7Wi6JA2rymtVYbQu3spE0GCmxQ==
  /minimatch/3.0.4:
    dependencies:
      brace-expansion: 1.1.11
    dev: true
    resolution:
      integrity: sha512-yJHVQEhyqPLUTgt9B83PXu6W3rx4MvvHvSUvToogpwoGDOUQ+yDrR0HRot+yOCdCO7u4hX3pWft6kWBBcqh0UA==
  /minimist/0.0.10:
    dev: true
    resolution:
      integrity: sha1-3j+YVD2/lggr5IrRoMfNqDYwHc8=
  /neo-async/2.6.1:
    dev: true
    resolution:
      integrity: sha512-iyam8fBuCUpWeKPGpaNMetEocMt364qkCsfL9JuhjXX6dRnguRVOfk2GZaDpPjcOKiiXCPINZC1GczQ7iTq3Zw==
  /once/1.4.0:
    dependencies:
      wrappy: 1.0.2
    dev: true
    resolution:
      integrity: sha1-WDsap3WWHUsROsF9nFC6753Xa9E=
  /optimist/0.6.1:
    dependencies:
      minimist: 0.0.10
      wordwrap: 0.0.3
    dev: true
    resolution:
      integrity: sha1-2j6nRob6IaGaERwybpDrFaAZZoY=
  /path-is-absolute/1.0.1:
    dev: true
    engines:
      node: '>=0.10.0'
    resolution:
      integrity: sha1-F0uSaHNVNP+8es5r9TpanhtcX18=
  /path-parse/1.0.6:
    dev: true
    resolution:
      integrity: sha512-GSmOT2EbHrINBf9SR7CDELwlJ8AENk3Qn7OikK4nFYAu3Ote2+JYNVvkpAEQm3/TLNEJFD/xZJjzyxg3KBWOzw==
  /progress/2.0.3:
    dev: true
    engines:
      node: '>=0.4.0'
    resolution:
      integrity: sha512-7PiHtLll5LdnKIMw100I+8xJXR5gW2QwWYkT6iJva0bXitZKa/XMrSbdmg3r2Xnaidz9Qumd0VPaMrZlF9V9sA==
  /rechoir/0.6.2:
    dependencies:
      resolve: 1.14.2
    dev: true
    engines:
      node: '>= 0.10'
    resolution:
      integrity: sha1-hSBLVNuoLVdC4oyWdW70OvUOM4Q=
  /resolve/1.14.2:
    dependencies:
      path-parse: 1.0.6
    dev: true
    resolution:
      integrity: sha512-EjlOBLBO1kxsUxsKjLt7TAECyKW6fOh1VRkykQkKGzcBbjjPIxBqGh0jf7GJ3k/f5mxMqW3htMD3WdTUVtW8HQ==
  /rollup/1.29.0:
    dependencies:
      '@types/estree': 0.0.42
      '@types/node': 13.1.6
      acorn: 7.1.0
    dev: true
    hasBin: true
    resolution:
      integrity: sha512-V63Iz0dSdI5qPPN5HmCN6OBRzBFhMqNWcvwgq863JtSCTU6Vdvqq6S2fYle/dSCyoPrBkIP3EIr1RVs3HTRqqg==
  /shelljs/0.8.3:
    dependencies:
      glob: 7.1.6
      interpret: 1.2.0
      rechoir: 0.6.2
    dev: true
    engines:
      node: '>=4'
    hasBin: true
    resolution:
      integrity: sha512-fc0BKlAWiLpwZljmOvAOTE/gXawtCoNrP5oaY7KIaQbbyHeQVg01pSEuEGvGh3HEdBU4baCD7wQBwADmM/7f7A==
  /source-map/0.6.1:
    dev: true
    engines:
      node: '>=0.10.0'
    resolution:
      integrity: sha512-UjgapumWlbMhkBgzT7Ykc5YXUT46F0iKu8SGXq0bcwP5dz/h0Plj6enJqjz1Zbq2l5WaqYnrVbwWOWMyF3F47g==
  /sourcemap-codec/1.4.7:
    dev: true
    resolution:
      integrity: sha512-RuN23NzhAOuUtaivhcrjXx1OPXsFeH9m5sI373/U7+tGLKihjUyboZAzOadytMjnqHp1f45RGk1IzDKCpDpSYA==
  /typedoc-default-themes/0.6.3:
    dependencies:
      backbone: 1.4.0
      jquery: 3.4.1
      lunr: 2.3.8
      underscore: 1.9.2
    dev: true
    engines:
      node: '>= 8'
    resolution:
      integrity: sha512-rouf0TcIA4M2nOQFfC7Zp4NEwoYiEX4vX/ZtudJWU9IHA29MPC+PPgSXYLPESkUo7FuB//GxigO3mk9Qe1xp3Q==
  /typedoc-plugin-markdown/2.2.16_typedoc@0.15.7:
    dependencies:
      fs-extra: 8.1.0
      handlebars: 4.6.0
      typedoc: 0.15.7
    dev: true
    engines:
      node: '>=6'
    peerDependencies:
      typedoc: '>=0.10.0'
    resolution:
      integrity: sha512-0Y1zBqL8EQGnwMGoh82LtvioaVs1BGMr1qzINXWwh0R769Awg17vjnKZ8pBY9VHVc6yINB6ZvrLhJsfZuzJxkw==
  /typedoc/0.15.7:
    dependencies:
      '@types/minimatch': 3.0.3
      fs-extra: 8.1.0
      handlebars: 4.5.3
      highlight.js: 9.17.1
      lodash: 4.17.15
      marked: 0.8.0
      minimatch: 3.0.4
      progress: 2.0.3
      shelljs: 0.8.3
      typedoc-default-themes: 0.6.3
      typescript: 3.7.4
    dev: true
    engines:
      node: '>= 6.0.0'
    hasBin: true
    resolution:
      integrity: sha512-dVQ9yd/4pF3kf2OeHVkjxieoH/Exqggtw1DZ9XbVZpvZCItRA4VfOxuVoW+bMauyEk0RDvAx6y/ixDY4loNBWA==
  /typescript/3.7.4:
    dev: true
    engines:
      node: '>=4.2.0'
    hasBin: true
    resolution:
      integrity: sha512-A25xv5XCtarLwXpcDNZzCGvW2D1S3/bACratYBx2sax8PefsFhlYmkQicKHvpYflFS8if4zne5zT5kpJ7pzuvw==
  /uglify-js/3.7.4:
    dependencies:
      commander: 2.20.3
      source-map: 0.6.1
    dev: true
    engines:
      node: '>=0.8.0'
    hasBin: true
    optional: true
    resolution:
      integrity: sha512-tinYWE8X1QfCHxS1lBS8yiDekyhSXOO6R66yNOCdUJeojxxw+PX2BHAz/BWyW7PQ7pkiWVxJfIEbiDxyLWvUGg==
  /underscore/1.9.2:
    dev: true
    resolution:
      integrity: sha512-D39qtimx0c1fI3ya1Lnhk3E9nONswSKhnffBI0gME9C99fYOkNi04xs8K6pePLhvl1frbDemkaBQ5ikWllR2HQ==
  /universalify/0.1.2:
    dev: true
    engines:
      node: '>= 4.0.0'
    resolution:
      integrity: sha512-rBJeI5CXAlmy1pV+617WB9J63U6XcazHHF2f2dbJix4XzpUF0RS3Zbj0FGIOCAva5P/d/GBOYaACQ1w+0azUkg==
  /wordwrap/0.0.3:
    dev: true
    engines:
      node: '>=0.4.0'
    resolution:
      integrity: sha1-o9XabNXAvAAI03I0u68b7WMFkQc=
  /wrappy/1.0.2:
    dev: true
    resolution:
      integrity: sha1-tSQ9jz7BqjXxNkYFvA0QNuMKtp8=
specifiers:
  '@rollup/plugin-commonjs': ^11.0.1
  '@rollup/plugin-node-resolve': ^7.0.0
  localforage: ^1.7.3
  rollup: ^1.29.0
  typedoc: ^0.15.7
  typedoc-plugin-markdown: ^2.2.16
  typescript: ^3.7.4
