dependencies:
  localforage: 1.7.3
devDependencies:
  '@rollup/plugin-commonjs': 11.0.1_rollup@1.29.0
  '@rollup/plugin-node-resolve': 7.0.0_rollup@1.29.0
  rollup: 1.29.0
  typescript: 3.7.4
lockfileVersion: 5.1
packages:
  /@rollup/plugin-commonjs/11.0.1_rollup@1.29.0:
    dependencies:
      '@rollup/pluginutils': 3.0.3_rollup@1.29.0
      estree-walker: 0.6.1
      is-reference: 1.1.4
      magic-string: 0.25.6
      resolve: 1.14.2
      rollup: 1.29.0
    dev: true
    engines:
      node: '>= 8.0.0'
    peerDependencies:
      rollup: ^1.20.0
    resolution:
      integrity: sha512-SaVUoaLDg3KnIXC5IBNIspr1APTYDzk05VaYcI6qz+0XX3ZlSCwAkfAhNSOxfd5GAdcm/63Noi4TowOY9MpcDg==
  /@rollup/plugin-node-resolve/7.0.0_rollup@1.29.0:
    dependencies:
      '@rollup/pluginutils': 3.0.3_rollup@1.29.0
      '@types/resolve': 0.0.8
      builtin-modules: 3.1.0
      is-module: 1.0.0
      resolve: 1.14.2
      rollup: 1.29.0
    dev: true
    engines:
      node: '>= 8.0.0'
    peerDependencies:
      rollup: ^1.20.0
    resolution:
      integrity: sha512-+vOx2+WMBMFotYKM3yYeDGZxIvcQ7yO4g+SuKDFsjKaq8Lw3EPgfB6qNlp8Z/3ceDCEhHvC9/b+PgBGwDQGbzQ==
  /@rollup/pluginutils/3.0.3_rollup@1.29.0:
    dependencies:
      estree-walker: 0.6.1
      rollup: 1.29.0
    dev: true
    engines:
      node: '>= 8.0.0'
    peerDependencies:
      rollup: ^1.20.0
    resolution:
      integrity: sha512-lxys3KlfYU8LOGu7+UL2upa3kM9q8ISo4EK+vSqqJCLk6N74HsUZbUFiElolh4BUsv0jeMGtYDzpNrtrShE6Gg==
  /@types/estree/0.0.39:
    dev: true
    resolution:
      integrity: sha512-EYNwp3bU+98cpU4lAWYYL7Zz+2gryWH1qbdDTidVd6hkiR6weksdbMadyXKXNPEkQFhXM+hVO9ZygomHXp+AIw==
  /@types/estree/0.0.42:
    dev: true
    resolution:
      integrity: sha512-K1DPVvnBCPxzD+G51/cxVIoc2X8uUVl1zpJeE6iKcgHMj4+tbat5Xu4TjV7v2QSDbIeAfLi2hIk+u2+s0MlpUQ==
  /@types/node/13.1.6:
    dev: true
    resolution:
      integrity: sha512-Jg1F+bmxcpENHP23sVKkNuU3uaxPnsBMW0cLjleiikFKomJQbsn0Cqk2yDvQArqzZN6ABfBkZ0To7pQ8sLdWDg==
  /@types/resolve/0.0.8:
    dependencies:
      '@types/node': 13.1.6
    dev: true
    resolution:
      integrity: sha512-auApPaJf3NPfe18hSoJkp8EbZzer2ISk7o8mCC3M9he/a04+gbMF97NkpD2S8riMGvm4BMRI59/SZQSaLTKpsQ==
  /acorn/7.1.0:
    dev: true
    engines:
      node: '>=0.4.0'
    hasBin: true
    resolution:
      integrity: sha512-kL5CuoXA/dgxlBbVrflsflzQ3PAas7RYZB52NOm/6839iVYJgKMJ3cQJD+t2i5+qFa8h3MDpEOJiS64E8JLnSQ==
  /builtin-modules/3.1.0:
    dev: true
    engines:
      node: '>=6'
    resolution:
      integrity: sha512-k0KL0aWZuBt2lrxrcASWDfwOLMnodeQjodT/1SxEQAXsHANgo6ZC/VEaSEHCXt7aSTZ4/4H5LKa+tBXmW7Vtvw==
  /estree-walker/0.6.1:
    dev: true
    resolution:
      integrity: sha512-SqmZANLWS0mnatqbSfRP5g8OXZC12Fgg1IwNtLsyHDzJizORW4khDfjPqJZsemPWBB2uqykUah5YpQ6epsqC/w==
  /immediate/3.0.6:
    dev: false
    resolution:
      integrity: sha1-nbHb0Pr43m++D13V5Wu2BigN5ps=
  /is-module/1.0.0:
    dev: true
    resolution:
      integrity: sha1-Mlj7afeMFNW4FdZkM2tM/7ZEFZE=
  /is-reference/1.1.4:
    dependencies:
      '@types/estree': 0.0.39
    dev: true
    resolution:
      integrity: sha512-uJA/CDPO3Tao3GTrxYn6AwkM4nUPJiGGYu5+cB8qbC7WGFlrKZbiRo7SFKxUAEpFUfiHofWCXBUNhvYJMh+6zw==
  /lie/3.1.1:
    dependencies:
      immediate: 3.0.6
    dev: false
    resolution:
      integrity: sha1-mkNrLMd0bKWd56QfpGmz77dr2H4=
  /localforage/1.7.3:
    dependencies:
      lie: 3.1.1
    dev: false
    resolution:
      integrity: sha512-1TulyYfc4udS7ECSBT2vwJksWbkwwTX8BzeUIiq8Y07Riy7bDAAnxDaPU/tWyOVmQAcWJIEIFP9lPfBGqVoPgQ==
  /magic-string/0.25.6:
    dependencies:
      sourcemap-codec: 1.4.7
    dev: true
    resolution:
      integrity: sha512-3a5LOMSGoCTH5rbqobC2HuDNRtE2glHZ8J7pK+QZYppyWA36yuNpsX994rIY2nCuyP7CZYy7lQq/X2jygiZ89g==
  /path-parse/1.0.6:
    dev: true
    resolution:
      integrity: sha512-GSmOT2EbHrINBf9SR7CDELwlJ8AENk3Qn7OikK4nFYAu3Ote2+JYNVvkpAEQm3/TLNEJFD/xZJjzyxg3KBWOzw==
  /resolve/1.14.2:
    dependencies:
      path-parse: 1.0.6
    dev: true
    resolution:
      integrity: sha512-EjlOBLBO1kxsUxsKjLt7TAECyKW6fOh1VRkykQkKGzcBbjjPIxBqGh0jf7GJ3k/f5mxMqW3htMD3WdTUVtW8HQ==
  /rollup/1.29.0:
    dependencies:
      '@types/estree': 0.0.42
      '@types/node': 13.1.6
      acorn: 7.1.0
    dev: true
    hasBin: true
    resolution:
      integrity: sha512-V63Iz0dSdI5qPPN5HmCN6OBRzBFhMqNWcvwgq863JtSCTU6Vdvqq6S2fYle/dSCyoPrBkIP3EIr1RVs3HTRqqg==
  /sourcemap-codec/1.4.7:
    dev: true
    resolution:
      integrity: sha512-RuN23NzhAOuUtaivhcrjXx1OPXsFeH9m5sI373/U7+tGLKihjUyboZAzOadytMjnqHp1f45RGk1IzDKCpDpSYA==
  /typescript/3.7.4:
    dev: true
    engines:
      node: '>=4.2.0'
    hasBin: true
    resolution:
      integrity: sha512-A25xv5XCtarLwXpcDNZzCGvW2D1S3/bACratYBx2sax8PefsFhlYmkQicKHvpYflFS8if4zne5zT5kpJ7pzuvw==
specifiers:
  '@rollup/plugin-commonjs': ^11.0.1
  '@rollup/plugin-node-resolve': ^7.0.0
  localforage: ^1.7.3
  rollup: ^1.29.0
  typescript: ^3.7.4
